github.com/dmotylev/goproperties v0.0.0-20140630191356-7cbffbaada47 h1:sP2APvSdZpfBiousrppBZNOvu+TE79Myq4kkmmrtSuI=
github.com/dmotylev/goproperties v0.0.0-20140630191356-7cbffbaada47/go.mod h1:f2V6964+f0p8Asqy8mIK5cKyyVc6MP9PFzGVNRcnYJQ=
github.com/millkhan/mcstatusgo/v2 v2.2.0 h1:uRyHiOvqlK+6Oz3za4hMWAktSLjaqD/QzyQCcX2DjzI=
github.com/millkhan/mcstatusgo/v2 v2.2.0/go.mod h1:YUJHhrJzsQP4PoDXFo++7JzPU7TjdztFM519CPqKe5M=
github.com/thejerf/suture/v4 v4.0.2 h1:VxIH/J8uYvqJY1+9fxi5GBfGRkRZ/jlSOP6x9HijFQc=
github.com/thejerf/suture/v4 v4.0.2/go.mod h1:g0e8vwskm9tI0jRjxrnA6lSr0q6OfPdWJVX7G5bVWRs=
